{
  "nodes": {
    "flake-utils": {
      "inputs": {
        "systems": "systems"
      },
      "locked": {
        "lastModified": 1731533236,
        "narHash": "sha256-l0KFg5HjrsfsO/JpG+r7fRrqm12kzFHyUHqHCVpMMbI=",
        "owner": "numtide",
        "repo": "flake-utils",
        "rev": "11707dc2f618dd54ca8739b309ec4fc024de578b",
        "type": "github"
      },
      "original": {
        "owner": "numtide",
        "repo": "flake-utils",
        "type": "github"
      }
    },
    "isonim": {
      "flake": false,
      "locked": {
        "lastModified": 1778275675,
        "narHash": "sha256-WVY68mTzY2ZRvMnxGjKNe62YJdUOmTzV/tlX+UzsZMY=",
        "owner": "metacraft-labs",
        "repo": "isonim",
        "rev": "d323638f8d62719aeca1ea260b7de941e8881356",
        "type": "github"
      },
      "original": {
        "owner": "metacraft-labs",
        "repo": "isonim",
        "type": "github"
      }
    },
    "nim-everywhere": {
      "flake": false,
      "locked": {
        "lastModified": 1777905429,
        "narHash": "sha256-kshcHx+EUi+X2rsTwD/qYkKerkKo3MKJWaICJ+ZKYB8=",
        "owner": "metacraft-labs",
        "repo": "nim-everywhere",
        "rev": "56c2e086f75b07bd42be4351571d02359347ba4f",
        "type": "github"
      },
      "original": {
        "owner": "metacraft-labs",
        "repo": "nim-everywhere",
        "type": "github"
      }
    },
    "nim-faststreams": {
      "flake": false,
      "locked": {
        "lastModified": 1775212500,
        "narHash": "sha256-l+dvcwIdpJdX3sekhdCsOx4I35sBwKBdEnnbFIgqcd4=",
        "owner": "metacraft-labs",
        "repo": "nim-faststreams",
        "rev": "82c8c3edb5fa7a4fdfcdb5d8ab53bbe1830d4503",
        "type": "github"
      },
      "original": {
        "owner": "metacraft-labs",
        "repo": "nim-faststreams",
        "type": "github"
      }
    },
    "nim-stew": {
      "flake": false,
      "locked": {
        "lastModified": 1775036379,
        "narHash": "sha256-Yvqe4YBxzCHYG/3HkDo9Lq9QJvWXUXrL1AOaYWp5qVc=",
        "owner": "status-im",
        "repo": "nim-stew",
        "rev": "4382b18f04b3c43c8409bfcd6b62063773b2bbaa",
        "type": "github"
      },
      "original": {
        "owner": "status-im",
        "repo": "nim-stew",
        "type": "github"
      }
    },
    "nixpkgs": {
      "locked": {
        "lastModified": 1775095191,
        "narHash": "sha256-CsqRiYbgQyv01LS0NlC7shwzhDhjNDQSrhBX8VuD3nM=",
        "owner": "NixOS",
        "repo": "nixpkgs",
        "rev": "106eb93cbb9d4e4726bf6bc367a3114f7ed6b32f",
        "type": "github"
      },
      "original": {
        "owner": "NixOS",
        "ref": "nixpkgs-unstable",
        "repo": "nixpkgs",
        "type": "github"
      }
    },
    "root": {
      "inputs": {
        "flake-utils": "flake-utils",
        "isonim": "isonim",
        "nim-everywhere": "nim-everywhere",
        "nim-faststreams": "nim-faststreams",
        "nim-stew": "nim-stew",
        "nixpkgs": "nixpkgs"
      }
    },
    "systems": {
      "locked": {
        "lastModified": 1681028828,
        "narHash": "sha256-Vy1rq5AaRuLzOxct8nz4T6wlgyUR7zLU309k9mBC768=",
        "owner": "nix-systems",
        "repo": "default",
        "rev": "da67096a3b9bf56a91d16901293e51ba5b49a27e",
        "type": "github"
      },
      "original": {
        "owner": "nix-systems",
        "repo": "default",
        "type": "github"
      }
    }
  },
  "root": "root",
  "version": 7
}
